
Microsoft Visual Studio Solution File, Format Version 12.00
# Visual Studio Version 16
VisualStudioVersion = 16.0.30413.136
MinimumVisualStudioVersion = 10.0.40219.1
Project("{FAE04EC0-301F-11D3-BF4B-00C04F79EFBC}") = "Datingapp", "Datingapp\Datingapp.csproj", "{487EF2D6-FAC1-4F8E-9EE2-380D9C88975F}"
EndProject
Global
	GlobalSection(SolutionConfigurationPlatforms) = preSolution
		Debug|Any CPU = Debug|Any CPU
		Release|Any CPU = Release|Any CPU
	EndGlobalSection
	GlobalSection(ProjectConfigurationPlatforms) = postSolution
		{487EF2D6-FAC1-4F8E-9EE2-380D9C88975F}.Debug|Any CPU.ActiveCfg = Debug|Any CPU
		{487EF2D6-FAC1-4F8E-9EE2-380D9C88975F}.Debug|Any CPU.Build.0 = Debug|Any CPU
		{487EF2D6-FAC1-4F8E-9EE2-380D9C88975F}.Release|Any CPU.ActiveCfg = Release|Any CPU
		{487EF2D6-FAC1-4F8E-9EE2-380D9C88975F}.Release|Any CPU.Build.0 = Release|Any CPU
	EndGlobalSection
	GlobalSection(SolutionProperties) = preSolution
		HideSolutionNode = FALSE
	EndGlobalSection
	GlobalSection(ExtensibilityGlobals) = postSolution
		SolutionGuid = {2D4A99E2-175F-41CC-9C80-A5F4037ED19D}
	EndGlobalSection
EndGlobal
